
Microsoft Visual Studio Solution File, Format Version 12.00
# Visual Studio Version 17
VisualStudioVersion = 17.10.35013.160
MinimumVisualStudioVersion = 10.0.40219.1
Project("{FAE04EC0-301F-11D3-BF4B-00C04F79EFBC}") = "Pizza", "Pizza.csproj", "{A2607FE8-B3CE-4D00-BA3A-B3B47D79F063}"
EndProject
Global
	GlobalSection(SolutionConfigurationPlatforms) = preSolution
		Debug|Any CPU = Debug|Any CPU
		Release|Any CPU = Release|Any CPU
	EndGlobalSection
	GlobalSection(ProjectConfigurationPlatforms) = postSolution
		{A2607FE8-B3CE-4D00-BA3A-B3B47D79F063}.Debug|Any CPU.ActiveCfg = Debug|Any CPU
		{A2607FE8-B3CE-4D00-BA3A-B3B47D79F063}.Debug|Any CPU.Build.0 = Debug|Any CPU
		{A2607FE8-B3CE-4D00-BA3A-B3B47D79F063}.Release|Any CPU.ActiveCfg = Release|Any CPU
		{A2607FE8-B3CE-4D00-BA3A-B3B47D79F063}.Release|Any CPU.Build.0 = Release|Any CPU
	EndGlobalSection
	GlobalSection(SolutionProperties) = preSolution
		HideSolutionNode = FALSE
	EndGlobalSection
	GlobalSection(ExtensibilityGlobals) = postSolution
		SolutionGuid = {56D1A18E-7FAF-4E4A-BDC7-D3EA43420A93}
	EndGlobalSection
EndGlobal
